# THIS IS AN AUTOGENERATED FILE. DO NOT EDIT THIS FILE DIRECTLY.
# yarn lockfile v1


ws@^8.12.0:
  version "8.12.0"
  resolved "https://registry.yarnpkg.com/ws/-/ws-8.12.0.tgz#485074cc392689da78e1828a9ff23585e06cddd8"
  integrity sha512-kU62emKIdKVeEIOIKVegvqpXMSTAMLJozpHZaJNDYqBjzlSYXQGviYwN1osDLJ9av68qHd4a2oSjd7yD4pacig==
